# This file is autogenerated, do not edit; changes may be undone by the next 'dep ensure'.


[[projects]]
  digest = "1:c79fb010be38a59d657c48c6ba1d003a8aa651fa56b579d959d74573b7dff8e1"
  name = "github.com/gorilla/context"
  packages = ["."]
  pruneopts = "UT"
  revision = "08b5f424b9271eedf6f9f0ce86cb9396ed337a42"
  version = "v1.1.1"

[[projects]]
  digest = "1:e73f5b0152105f18bc131fba127d9949305c8693f8a762588a82a48f61756f5f"
  name = "github.com/gorilla/mux"
  packages = ["."]
  pruneopts = "UT"
  revision = "e3702bed27f0d39777b0b37b664b6280e8ef8fbf"
  version = "v1.6.2"

[[projects]]
  digest = "1:7b5c6e2eeaa9ae5907c391a91c132abfd5c9e8a784a341b5625e750c67e6825d"
  name = "github.com/gorilla/websocket"
  packages = ["."]
  pruneopts = "UT"
  revision = "66b9c49e59c6c48f0ffce28c2d8b8a5678502c6d"
  version = "v1.4.0"

[[projects]]
  branch = "master"
  digest = "1:14a701510b8b8aaf801db9cd328ca9ccf23b5c74a14adc6a63f8dd37187bc8a7"
  name = "github.com/thrasher-/gocryptotrader"
  packages = [
    "common",
    "communications",
    "communications/base",
    "communications/slack",
    "communications/smsglobal",
    "communications/smtpservice",
    "communications/telegram",
    "config",
    "currency",
    "currency/forexprovider",
    "currency/forexprovider/base",
    "currency/forexprovider/currencyconverterapi",
    "currency/forexprovider/currencylayer",
    "currency/forexprovider/fixer.io",
    "currency/forexprovider/openexchangerates",
    "currency/pair",
    "currency/symbol",
    "currency/translation",
    "exchanges",
    "exchanges/anx",
    "exchanges/binance",
    "exchanges/bitfinex",
    "exchanges/bitflyer",
    "exchanges/bithumb",
    "exchanges/bitmex",
    "exchanges/bitstamp",
    "exchanges/bittrex",
    "exchanges/btcc",
    "exchanges/btcmarkets",
    "exchanges/coinbasepro",
    "exchanges/coinut",
    "exchanges/exmo",
    "exchanges/gateio",
    "exchanges/gemini",
    "exchanges/hitbtc",
    "exchanges/huobi",
    "exchanges/huobihadax",
    "exchanges/itbit",
    "exchanges/kraken",
    "exchanges/lakebtc",
    "exchanges/liqui",
    "exchanges/localbitcoins",
    "exchanges/nonce",
    "exchanges/okcoin",
    "exchanges/okex",
    "exchanges/orderbook",
    "exchanges/poloniex",
    "exchanges/request",
    "exchanges/stats",
    "exchanges/ticker",
    "exchanges/wex",
    "exchanges/yobit",
    "exchanges/zb",
    "logger",
    "portfolio",
  ]
  pruneopts = "UT"
  revision = "d01e7bad723a61b05ab5809f3ff86c39eaf56f2f"

[[projects]]
  branch = "master"
  digest = "1:7552da44107a183fff63dd4c56798fd845c6ee13f87275b3a0470d5aa1802997"
  name = "github.com/toorop/go-pusher"
  packages = ["."]
  pruneopts = "UT"
  revision = "4521e2eb39fb43c73f929850b498354296f1c6de"

[[projects]]
  branch = "master"
  digest = "1:dd658e9008df9e0bea1ddb2caa3df8250e5e42bf54dcb776ed5bef0496395549"
  name = "golang.org/x/crypto"
  packages = [
    "pbkdf2",
    "scrypt",
  ]
  pruneopts = "UT"
  revision = "ff983b9c42bc9fbf91556e191cc8efb585c16908"

[[projects]]
  branch = "master"
  digest = "1:7427036b6d926b3d1fa0773771820735b35554a98296f1074df440ee30a97296"
  name = "golang.org/x/net"
  packages = ["websocket"]
  pruneopts = "UT"
  revision = "1e06a53dbb7e2ed46e91183f219db23c6943c532"

[solve-meta]
  analyzer-name = "dep"
  analyzer-version = 1
  input-imports = [
    "github.com/gorilla/mux",
    "github.com/gorilla/websocket",
    "github.com/thrasher-/gocryptotrader/common",
    "github.com/thrasher-/gocryptotrader/communications",
    "github.com/thrasher-/gocryptotrader/communications/base",
    "github.com/thrasher-/gocryptotrader/communications/slack",
    "github.com/thrasher-/gocryptotrader/communications/smsglobal",
    "github.com/thrasher-/gocryptotrader/communications/smtpservice",
    "github.com/thrasher-/gocryptotrader/communications/telegram",
    "github.com/thrasher-/gocryptotrader/config",
    "github.com/thrasher-/gocryptotrader/currency",
    "github.com/thrasher-/gocryptotrader/currency/forexprovider",
    "github.com/thrasher-/gocryptotrader/currency/forexprovider/base",
    "github.com/thrasher-/gocryptotrader/currency/forexprovider/currencyconverterapi",
    "github.com/thrasher-/gocryptotrader/currency/forexprovider/currencylayer",
    "github.com/thrasher-/gocryptotrader/currency/forexprovider/fixer.io",
    "github.com/thrasher-/gocryptotrader/currency/forexprovider/openexchangerates",
    "github.com/thrasher-/gocryptotrader/currency/pair",
    "github.com/thrasher-/gocryptotrader/currency/symbol",
    "github.com/thrasher-/gocryptotrader/currency/translation",
    "github.com/thrasher-/gocryptotrader/exchanges",
    "github.com/thrasher-/gocryptotrader/exchanges/anx",
    "github.com/thrasher-/gocryptotrader/exchanges/binance",
    "github.com/thrasher-/gocryptotrader/exchanges/bitfinex",
    "github.com/thrasher-/gocryptotrader/exchanges/bitflyer",
    "github.com/thrasher-/gocryptotrader/exchanges/bithumb",
    "github.com/thrasher-/gocryptotrader/exchanges/bitmex",
    "github.com/thrasher-/gocryptotrader/exchanges/bitstamp",
    "github.com/thrasher-/gocryptotrader/exchanges/bittrex",
    "github.com/thrasher-/gocryptotrader/exchanges/btcc",
    "github.com/thrasher-/gocryptotrader/exchanges/btcmarkets",
    "github.com/thrasher-/gocryptotrader/exchanges/coinbasepro",
    "github.com/thrasher-/gocryptotrader/exchanges/coinut",
    "github.com/thrasher-/gocryptotrader/exchanges/exmo",
    "github.com/thrasher-/gocryptotrader/exchanges/gateio",
    "github.com/thrasher-/gocryptotrader/exchanges/gemini",
    "github.com/thrasher-/gocryptotrader/exchanges/hitbtc",
    "github.com/thrasher-/gocryptotrader/exchanges/huobi",
    "github.com/thrasher-/gocryptotrader/exchanges/huobihadax",
    "github.com/thrasher-/gocryptotrader/exchanges/itbit",
    "github.com/thrasher-/gocryptotrader/exchanges/kraken",
    "github.com/thrasher-/gocryptotrader/exchanges/lakebtc",
    "github.com/thrasher-/gocryptotrader/exchanges/liqui",
    "github.com/thrasher-/gocryptotrader/exchanges/localbitcoins",
    "github.com/thrasher-/gocryptotrader/exchanges/nonce",
    "github.com/thrasher-/gocryptotrader/exchanges/okcoin",
    "github.com/thrasher-/gocryptotrader/exchanges/okex",
    "github.com/thrasher-/gocryptotrader/exchanges/orderbook",
    "github.com/thrasher-/gocryptotrader/exchanges/poloniex",
    "github.com/thrasher-/gocryptotrader/exchanges/request",
    "github.com/thrasher-/gocryptotrader/exchanges/stats",
    "github.com/thrasher-/gocryptotrader/exchanges/ticker",
    "github.com/thrasher-/gocryptotrader/exchanges/wex",
    "github.com/thrasher-/gocryptotrader/exchanges/yobit",
    "github.com/thrasher-/gocryptotrader/exchanges/zb",
    "github.com/thrasher-/gocryptotrader/portfolio",
    "github.com/toorop/go-pusher",
    "golang.org/x/crypto/scrypt",
  ]
  solver-name = "gps-cdcl"
  solver-version = 1
